
Microsoft Visual Studio Solution File, Format Version 12.00
# Visual Studio Version 16
VisualStudioVersion = 16.0.30804.86
MinimumVisualStudioVersion = 10.0.40219.1
Project("{8BC9CEB8-8B4A-11D0-8D11-00A0C91BC942}") = "HelloWorld", "HelloWorld\HelloWorld.vcxproj", "{2C46D3C5-5C4A-4809-9026-89ECFFFA6806}"
EndProject
Project("{8BC9CEB8-8B4A-11D0-8D11-00A0C91BC942}") = "DataTypes", "DataTypes\DataTypes.vcxproj", "{B512C816-51CE-4A6B-A891-E0034013DE20}"
EndProject
Project("{8BC9CEB8-8B4A-11D0-8D11-00A0C91BC942}") = "UserDataTypes", "UserDataTypes\UserDataTypes.vcxproj", "{C7A4D623-E7DE-4633-92D0-226D5AA086E3}"
EndProject
Project("{8BC9CEB8-8B4A-11D0-8D11-00A0C91BC942}") = "Memory", "..\Memory-SD\Memory.vcxproj", "{26799BDD-FAE8-4F8B-917C-066EAB24D032}"
EndProject
Project("{8BC9CEB8-8B4A-11D0-8D11-00A0C91BC942}") = "MemoryReview", "MemoryReview\MemoryReview.vcxproj", "{1166B595-B0C2-46A3-8C1A-41349377134E}"
EndProject
Project("{8BC9CEB8-8B4A-11D0-8D11-00A0C91BC942}") = "OOP", "..\OOP-SA\OOP.vcxproj", "{7771A44B-FBDF-4A6B-9A3D-B9E85003B333}"
EndProject
Project("{8BC9CEB8-8B4A-11D0-8D11-00A0C91BC942}") = "Database", "..\Database-Maple\Database.vcxproj", "{1ED68FD0-1442-4D98-83FC-C33449A97565}"
EndProject
Project("{8BC9CEB8-8B4A-11D0-8D11-00A0C91BC942}") = "Array", "Array\Array.vcxproj", "{B952C5F8-1B07-406B-9A78-4ED109A96317}"
EndProject
Project("{8BC9CEB8-8B4A-11D0-8D11-00A0C91BC942}") = "Vector", "Vector\Vector.vcxproj", "{5499F7ED-D4CD-4303-A556-6580E84D68C8}"
EndProject
Project("{8BC9CEB8-8B4A-11D0-8D11-00A0C91BC942}") = "List", "List\List.vcxproj", "{A1EAA52A-7669-4134-9E63-59925C08F1C4}"
EndProject
Project("{8BC9CEB8-8B4A-11D0-8D11-00A0C91BC942}") = "Containers", "Containers\Containers.vcxproj", "{1D8456F8-B618-4F09-BB80-E4014E7FA3F5}"
EndProject
Project("{8BC9CEB8-8B4A-11D0-8D11-00A0C91BC942}") = "Pointers", "Pointers\Pointers.vcxproj", "{DD71F3B5-0885-4B01-B1CD-85E4D7550E04}"
EndProject
Project("{8BC9CEB8-8B4A-11D0-8D11-00A0C91BC942}") = "Bits", "Bits\Bits.vcxproj", "{C50D1A65-8F7F-4F88-B2CF-768413F7F113}"
EndProject
Project("{8BC9CEB8-8B4A-11D0-8D11-00A0C91BC942}") = "Debugging", "Debugging\Debugging.vcxproj", "{647F040C-3935-4F12-B49B-AD0B4B61D70A}"
EndProject
Global
	GlobalSection(SolutionConfigurationPlatforms) = preSolution
		Debug|x64 = Debug|x64
		Debug|x86 = Debug|x86
		Release|x64 = Release|x64
		Release|x86 = Release|x86
	EndGlobalSection
	GlobalSection(ProjectConfigurationPlatforms) = postSolution
		{2C46D3C5-5C4A-4809-9026-89ECFFFA6806}.Debug|x64.ActiveCfg = Debug|x64
		{2C46D3C5-5C4A-4809-9026-89ECFFFA6806}.Debug|x64.Build.0 = Debug|x64
		{2C46D3C5-5C4A-4809-9026-89ECFFFA6806}.Debug|x86.ActiveCfg = Debug|Win32
		{2C46D3C5-5C4A-4809-9026-89ECFFFA6806}.Debug|x86.Build.0 = Debug|Win32
		{2C46D3C5-5C4A-4809-9026-89ECFFFA6806}.Release|x64.ActiveCfg = Release|x64
		{2C46D3C5-5C4A-4809-9026-89ECFFFA6806}.Release|x64.Build.0 = Release|x64
		{2C46D3C5-5C4A-4809-9026-89ECFFFA6806}.Release|x86.ActiveCfg = Release|Win32
		{2C46D3C5-5C4A-4809-9026-89ECFFFA6806}.Release|x86.Build.0 = Release|Win32
		{B512C816-51CE-4A6B-A891-E0034013DE20}.Debug|x64.ActiveCfg = Debug|x64
		{B512C816-51CE-4A6B-A891-E0034013DE20}.Debug|x64.Build.0 = Debug|x64
		{B512C816-51CE-4A6B-A891-E0034013DE20}.Debug|x86.ActiveCfg = Debug|Win32
		{B512C816-51CE-4A6B-A891-E0034013DE20}.Debug|x86.Build.0 = Debug|Win32
		{B512C816-51CE-4A6B-A891-E0034013DE20}.Release|x64.ActiveCfg = Release|x64
		{B512C816-51CE-4A6B-A891-E0034013DE20}.Release|x64.Build.0 = Release|x64
		{B512C816-51CE-4A6B-A891-E0034013DE20}.Release|x86.ActiveCfg = Release|Win32
		{B512C816-51CE-4A6B-A891-E0034013DE20}.Release|x86.Build.0 = Release|Win32
		{C7A4D623-E7DE-4633-92D0-226D5AA086E3}.Debug|x64.ActiveCfg = Debug|x64
		{C7A4D623-E7DE-4633-92D0-226D5AA086E3}.Debug|x64.Build.0 = Debug|x64
		{C7A4D623-E7DE-4633-92D0-226D5AA086E3}.Debug|x86.ActiveCfg = Debug|Win32
		{C7A4D623-E7DE-4633-92D0-226D5AA086E3}.Debug|x86.Build.0 = Debug|Win32
		{C7A4D623-E7DE-4633-92D0-226D5AA086E3}.Release|x64.ActiveCfg = Release|x64
		{C7A4D623-E7DE-4633-92D0-226D5AA086E3}.Release|x64.Build.0 = Release|x64
		{C7A4D623-E7DE-4633-92D0-226D5AA086E3}.Release|x86.ActiveCfg = Release|Win32
		{C7A4D623-E7DE-4633-92D0-226D5AA086E3}.Release|x86.Build.0 = Release|Win32
		{26799BDD-FAE8-4F8B-917C-066EAB24D032}.Debug|x64.ActiveCfg = Debug|x64
		{26799BDD-FAE8-4F8B-917C-066EAB24D032}.Debug|x64.Build.0 = Debug|x64
		{26799BDD-FAE8-4F8B-917C-066EAB24D032}.Debug|x86.ActiveCfg = Debug|Win32
		{26799BDD-FAE8-4F8B-917C-066EAB24D032}.Debug|x86.Build.0 = Debug|Win32
		{26799BDD-FAE8-4F8B-917C-066EAB24D032}.Release|x64.ActiveCfg = Release|x64
		{26799BDD-FAE8-4F8B-917C-066EAB24D032}.Release|x64.Build.0 = Release|x64
		{26799BDD-FAE8-4F8B-917C-066EAB24D032}.Release|x86.ActiveCfg = Release|Win32
		{26799BDD-FAE8-4F8B-917C-066EAB24D032}.Release|x86.Build.0 = Release|Win32
		{1166B595-B0C2-46A3-8C1A-41349377134E}.Debug|x64.ActiveCfg = Debug|x64
		{1166B595-B0C2-46A3-8C1A-41349377134E}.Debug|x64.Build.0 = Debug|x64
		{1166B595-B0C2-46A3-8C1A-41349377134E}.Debug|x86.ActiveCfg = Debug|Win32
		{1166B595-B0C2-46A3-8C1A-41349377134E}.Debug|x86.Build.0 = Debug|Win32
		{1166B595-B0C2-46A3-8C1A-41349377134E}.Release|x64.ActiveCfg = Release|x64
		{1166B595-B0C2-46A3-8C1A-41349377134E}.Release|x64.Build.0 = Release|x64
		{1166B595-B0C2-46A3-8C1A-41349377134E}.Release|x86.ActiveCfg = Release|Win32
		{1166B595-B0C2-46A3-8C1A-41349377134E}.Release|x86.Build.0 = Release|Win32
		{7771A44B-FBDF-4A6B-9A3D-B9E85003B333}.Debug|x64.ActiveCfg = Debug|x64
		{7771A44B-FBDF-4A6B-9A3D-B9E85003B333}.Debug|x64.Build.0 = Debug|x64
		{7771A44B-FBDF-4A6B-9A3D-B9E85003B333}.Debug|x86.ActiveCfg = Debug|Win32
		{7771A44B-FBDF-4A6B-9A3D-B9E85003B333}.Debug|x86.Build.0 = Debug|Win32
		{7771A44B-FBDF-4A6B-9A3D-B9E85003B333}.Release|x64.ActiveCfg = Release|x64
		{7771A44B-FBDF-4A6B-9A3D-B9E85003B333}.Release|x64.Build.0 = Release|x64
		{7771A44B-FBDF-4A6B-9A3D-B9E85003B333}.Release|x86.ActiveCfg = Release|Win32
		{7771A44B-FBDF-4A6B-9A3D-B9E85003B333}.Release|x86.Build.0 = Release|Win32
		{1ED68FD0-1442-4D98-83FC-C33449A97565}.Debug|x64.ActiveCfg = Debug|x64
		{1ED68FD0-1442-4D98-83FC-C33449A97565}.Debug|x64.Build.0 = Debug|x64
		{1ED68FD0-1442-4D98-83FC-C33449A97565}.Debug|x86.ActiveCfg = Debug|Win32
		{1ED68FD0-1442-4D98-83FC-C33449A97565}.Debug|x86.Build.0 = Debug|Win32
		{1ED68FD0-1442-4D98-83FC-C33449A97565}.Release|x64.ActiveCfg = Release|x64
		{1ED68FD0-1442-4D98-83FC-C33449A97565}.Release|x64.Build.0 = Release|x64
		{1ED68FD0-1442-4D98-83FC-C33449A97565}.Release|x86.ActiveCfg = Release|Win32
		{1ED68FD0-1442-4D98-83FC-C33449A97565}.Release|x86.Build.0 = Release|Win32
		{B952C5F8-1B07-406B-9A78-4ED109A96317}.Debug|x64.ActiveCfg = Debug|x64
		{B952C5F8-1B07-406B-9A78-4ED109A96317}.Debug|x64.Build.0 = Debug|x64
		{B952C5F8-1B07-406B-9A78-4ED109A96317}.Debug|x86.ActiveCfg = Debug|Win32
		{B952C5F8-1B07-406B-9A78-4ED109A96317}.Debug|x86.Build.0 = Debug|Win32
		{B952C5F8-1B07-406B-9A78-4ED109A96317}.Release|x64.ActiveCfg = Release|x64
		{B952C5F8-1B07-406B-9A78-4ED109A96317}.Release|x64.Build.0 = Release|x64
		{B952C5F8-1B07-406B-9A78-4ED109A96317}.Release|x86.ActiveCfg = Release|Win32
		{B952C5F8-1B07-406B-9A78-4ED109A96317}.Release|x86.Build.0 = Release|Win32
		{5499F7ED-D4CD-4303-A556-6580E84D68C8}.Debug|x64.ActiveCfg = Debug|x64
		{5499F7ED-D4CD-4303-A556-6580E84D68C8}.Debug|x64.Build.0 = Debug|x64
		{5499F7ED-D4CD-4303-A556-6580E84D68C8}.Debug|x86.ActiveCfg = Debug|Win32
		{5499F7ED-D4CD-4303-A556-6580E84D68C8}.Debug|x86.Build.0 = Debug|Win32
		{5499F7ED-D4CD-4303-A556-6580E84D68C8}.Release|x64.ActiveCfg = Release|x64
		{5499F7ED-D4CD-4303-A556-6580E84D68C8}.Release|x64.Build.0 = Release|x64
		{5499F7ED-D4CD-4303-A556-6580E84D68C8}.Release|x86.ActiveCfg = Release|Win32
		{5499F7ED-D4CD-4303-A556-6580E84D68C8}.Release|x86.Build.0 = Release|Win32
		{A1EAA52A-7669-4134-9E63-59925C08F1C4}.Debug|x64.ActiveCfg = Debug|x64
		{A1EAA52A-7669-4134-9E63-59925C08F1C4}.Debug|x64.Build.0 = Debug|x64
		{A1EAA52A-7669-4134-9E63-59925C08F1C4}.Debug|x86.ActiveCfg = Debug|Win32
		{A1EAA52A-7669-4134-9E63-59925C08F1C4}.Debug|x86.Build.0 = Debug|Win32
		{A1EAA52A-7669-4134-9E63-59925C08F1C4}.Release|x64.ActiveCfg = Release|x64
		{A1EAA52A-7669-4134-9E63-59925C08F1C4}.Release|x64.Build.0 = Release|x64
		{A1EAA52A-7669-4134-9E63-59925C08F1C4}.Release|x86.ActiveCfg = Release|Win32
		{A1EAA52A-7669-4134-9E63-59925C08F1C4}.Release|x86.Build.0 = Release|Win32
		{1D8456F8-B618-4F09-BB80-E4014E7FA3F5}.Debug|x64.ActiveCfg = Debug|x64
		{1D8456F8-B618-4F09-BB80-E4014E7FA3F5}.Debug|x64.Build.0 = Debug|x64
		{1D8456F8-B618-4F09-BB80-E4014E7FA3F5}.Debug|x86.ActiveCfg = Debug|Win32
		{1D8456F8-B618-4F09-BB80-E4014E7FA3F5}.Debug|x86.Build.0 = Debug|Win32
		{1D8456F8-B618-4F09-BB80-E4014E7FA3F5}.Release|x64.ActiveCfg = Release|x64
		{1D8456F8-B618-4F09-BB80-E4014E7FA3F5}.Release|x64.Build.0 = Release|x64
		{1D8456F8-B618-4F09-BB80-E4014E7FA3F5}.Release|x86.ActiveCfg = Release|Win32
		{1D8456F8-B618-4F09-BB80-E4014E7FA3F5}.Release|x86.Build.0 = Release|Win32
		{DD71F3B5-0885-4B01-B1CD-85E4D7550E04}.Debug|x64.ActiveCfg = Debug|x64
		{DD71F3B5-0885-4B01-B1CD-85E4D7550E04}.Debug|x64.Build.0 = Debug|x64
		{DD71F3B5-0885-4B01-B1CD-85E4D7550E04}.Debug|x86.ActiveCfg = Debug|Win32
		{DD71F3B5-0885-4B01-B1CD-85E4D7550E04}.Debug|x86.Build.0 = Debug|Win32
		{DD71F3B5-0885-4B01-B1CD-85E4D7550E04}.Release|x64.ActiveCfg = Release|x64
		{DD71F3B5-0885-4B01-B1CD-85E4D7550E04}.Release|x64.Build.0 = Release|x64
		{DD71F3B5-0885-4B01-B1CD-85E4D7550E04}.Release|x86.ActiveCfg = Release|Win32
		{DD71F3B5-0885-4B01-B1CD-85E4D7550E04}.Release|x86.Build.0 = Release|Win32
		{C50D1A65-8F7F-4F88-B2CF-768413F7F113}.Debug|x64.ActiveCfg = Debug|x64
		{C50D1A65-8F7F-4F88-B2CF-768413F7F113}.Debug|x64.Build.0 = Debug|x64
		{C50D1A65-8F7F-4F88-B2CF-768413F7F113}.Debug|x86.ActiveCfg = Debug|Win32
		{C50D1A65-8F7F-4F88-B2CF-768413F7F113}.Debug|x86.Build.0 = Debug|Win32
		{C50D1A65-8F7F-4F88-B2CF-768413F7F113}.Release|x64.ActiveCfg = Release|x64
		{C50D1A65-8F7F-4F88-B2CF-768413F7F113}.Release|x64.Build.0 = Release|x64
		{C50D1A65-8F7F-4F88-B2CF-768413F7F113}.Release|x86.ActiveCfg = Release|Win32
		{C50D1A65-8F7F-4F88-B2CF-768413F7F113}.Release|x86.Build.0 = Release|Win32
		{647F040C-3935-4F12-B49B-AD0B4B61D70A}.Debug|x64.ActiveCfg = Debug|x64
		{647F040C-3935-4F12-B49B-AD0B4B61D70A}.Debug|x64.Build.0 = Debug|x64
		{647F040C-3935-4F12-B49B-AD0B4B61D70A}.Debug|x86.ActiveCfg = Debug|Win32
		{647F040C-3935-4F12-B49B-AD0B4B61D70A}.Debug|x86.Build.0 = Debug|Win32
		{647F040C-3935-4F12-B49B-AD0B4B61D70A}.Release|x64.ActiveCfg = Release|x64
		{647F040C-3935-4F12-B49B-AD0B4B61D70A}.Release|x64.Build.0 = Release|x64
		{647F040C-3935-4F12-B49B-AD0B4B61D70A}.Release|x86.ActiveCfg = Release|Win32
		{647F040C-3935-4F12-B49B-AD0B4B61D70A}.Release|x86.Build.0 = Release|Win32
	EndGlobalSection
	GlobalSection(SolutionProperties) = preSolution
		HideSolutionNode = FALSE
	EndGlobalSection
	GlobalSection(ExtensibilityGlobals) = postSolution
		SolutionGuid = {8CFF6DDC-AE07-4B42-89A3-7B30B31FB567}
	EndGlobalSection
EndGlobal
